{
  "name": "static-open-api",
  "version": "1.0.0",
  "lockfileVersion": 1,
  "requires": true,
  "dependencies": {
    "swagger-ui-dist": {
      "version": "3.23.5",
      "resolved": "https://registry.npmjs.org/swagger-ui-dist/-/swagger-ui-dist-3.23.5.tgz",
      "integrity": "sha512-fsCF3wR0kBF5G7yF8uD5kALSbo2TjpfdheXWnrmxD2/d/8bgKDlUVoqO4gMNrZRQOEbyXCexZiU9geMNspWWyA=="
    }
  }
}
